<?xml version="1.0" encoding="utf-8"?>
<Project ToolsVersion="4.0" xmlns="http://schemas.microsoft.com/developer/msbuild/2003">
  <ItemGroup>
    <Filter Include="BOJ">
      <UniqueIdentifier>{15ef4f39-ad8e-4ec3-8c4f-618ccd8385ab}</UniqueIdentifier>
    </Filter>
    <Filter Include="PreCompile">
      <UniqueIdentifier>{90021ae8-c770-4e06-ac2e-3b70033884e7}</UniqueIdentifier>
    </Filter>
    <Filter Include="Programmers">
      <UniqueIdentifier>{07592bbb-789a-47f8-8347-57d533513d84}</UniqueIdentifier>
    </Filter>
  </ItemGroup>
  <ItemGroup>
    <ClCompile Include="PreCompile.cpp">
      <Filter>PreCompile</Filter>
    </ClCompile>
    <ClCompile Include="BOJ.cpp">
      <Filter>BOJ</Filter>
    </ClCompile>
    <ClCompile Include="Programmers.cpp">
      <Filter>Programmers</Filter>
    </ClCompile>
  </ItemGroup>
  <ItemGroup>
    <ClInclude Include="PreCompile.h">
      <Filter>PreCompile</Filter>
    </ClInclude>
    <ClInclude Include="BOJ.h">
      <Filter>BOJ</Filter>
    </ClInclude>
    <ClInclude Include="Programmers.h">
      <Filter>Programmers</Filter>
    </ClInclude>
  </ItemGroup>
</Project>